// !$*UTF8*$!
{
	archiveVersion = 1;
	classes = {
	};
	objectVersion = 50;
	objects = {

/* Begin PBXBuildFile section */
		3A0A405D22B91C39002199DF /* AppDelegate.swift in Sources */ = {isa = PBXBuildFile; fileRef = 3A0A405C22B91C39002199DF /* AppDelegate.swift */; };
		3A0A405F22B91C39002199DF /* SceneDelegate.swift in Sources */ = {isa = PBXBuildFile; fileRef = 3A0A405E22B91C39002199DF /* SceneDelegate.swift */; };
		3A0A406122B91C39002199DF /* BeerListViewController.swift in Sources */ = {isa = PBXBuildFile; fileRef = 3A0A406022B91C39002199DF /* BeerListViewController.swift */; };
		3A0A406422B91C39002199DF /* BeerList.storyboard in Resources */ = {isa = PBXBuildFile; fileRef = 3A0A406222B91C39002199DF /* BeerList.storyboard */; };
		3A0A406622B91C3D002199DF /* Assets.xcassets in Resources */ = {isa = PBXBuildFile; fileRef = 3A0A406522B91C3D002199DF /* Assets.xcassets */; };
		3A0A406922B91C3D002199DF /* LaunchScreen.storyboard in Resources */ = {isa = PBXBuildFile; fileRef = 3A0A406722B91C3D002199DF /* LaunchScreen.storyboard */; };
		3A0A407422B91C3E002199DF /* i_PunksTests.swift in Sources */ = {isa = PBXBuildFile; fileRef = 3A0A407322B91C3E002199DF /* i_PunksTests.swift */; };
		3A0A408322B952CF002199DF /* BeerListViewModel.swift in Sources */ = {isa = PBXBuildFile; fileRef = 3A0A408222B952CF002199DF /* BeerListViewModel.swift */; };
		3A2993F922BE9222009016C9 /* Swinject.framework in Frameworks */ = {isa = PBXBuildFile; fileRef = 3A2993F822BE9222009016C9 /* Swinject.framework */; };
		3A2993FA22BE9222009016C9 /* Swinject.framework in Embed Frameworks */ = {isa = PBXBuildFile; fileRef = 3A2993F822BE9222009016C9 /* Swinject.framework */; settings = {ATTRIBUTES = (CodeSignOnCopy, RemoveHeadersOnCopy, ); }; };
		3A2993FC22BE923B009016C9 /* SwinjectStoryboard.framework in Frameworks */ = {isa = PBXBuildFile; fileRef = 3A2993FB22BE923B009016C9 /* SwinjectStoryboard.framework */; };
		3A2993FD22BE923B009016C9 /* SwinjectStoryboard.framework in Embed Frameworks */ = {isa = PBXBuildFile; fileRef = 3A2993FB22BE923B009016C9 /* SwinjectStoryboard.framework */; settings = {ATTRIBUTES = (CodeSignOnCopy, RemoveHeadersOnCopy, ); }; };
		3A29940022BE9A70009016C9 /* SwinjectStoryboard+Setup.swift in Sources */ = {isa = PBXBuildFile; fileRef = 3A2993FF22BE9A70009016C9 /* SwinjectStoryboard+Setup.swift */; };
		3AAC575F22BF30280082C533 /* RxCocoa.framework in Frameworks */ = {isa = PBXBuildFile; fileRef = 3AAC575E22BF30280082C533 /* RxCocoa.framework */; };
		3AAC576022BF30280082C533 /* RxCocoa.framework in Embed Frameworks */ = {isa = PBXBuildFile; fileRef = 3AAC575E22BF30280082C533 /* RxCocoa.framework */; settings = {ATTRIBUTES = (CodeSignOnCopy, RemoveHeadersOnCopy, ); }; };
		3AAC576222BF311E0082C533 /* RxRelay.framework in Frameworks */ = {isa = PBXBuildFile; fileRef = 3AAC576122BF311D0082C533 /* RxRelay.framework */; };
		3AAC576322BF311E0082C533 /* RxRelay.framework in Embed Frameworks */ = {isa = PBXBuildFile; fileRef = 3AAC576122BF311D0082C533 /* RxRelay.framework */; settings = {ATTRIBUTES = (CodeSignOnCopy, RemoveHeadersOnCopy, ); }; };
		3AAD0C5F22C242C0001F3152 /* BeerListDataSource.swift in Sources */ = {isa = PBXBuildFile; fileRef = 3AAD0C5E22C242C0001F3152 /* BeerListDataSource.swift */; };
		3ADE0D8E22BAA6080011DEEB /* BeerUseCase.swift in Sources */ = {isa = PBXBuildFile; fileRef = 3ADE0D8D22BAA6080011DEEB /* BeerUseCase.swift */; };
		3ADE0D9022BAA6450011DEEB /* BeerRepository.swift in Sources */ = {isa = PBXBuildFile; fileRef = 3ADE0D8F22BAA6450011DEEB /* BeerRepository.swift */; };
		3ADE0D9222BAA6800011DEEB /* BeerDataSource.swift in Sources */ = {isa = PBXBuildFile; fileRef = 3ADE0D9122BAA6800011DEEB /* BeerDataSource.swift */; };
		3ADE0D9422BAA8F50011DEEB /* BeerApi.swift in Sources */ = {isa = PBXBuildFile; fileRef = 3ADE0D9322BAA8F50011DEEB /* BeerApi.swift */; };
		3ADE0D9722BAA9610011DEEB /* Beer.swift in Sources */ = {isa = PBXBuildFile; fileRef = 3ADE0D9622BAA9610011DEEB /* Beer.swift */; };
		3ADE0D9A22BAA97E0011DEEB /* BeerResponse.swift in Sources */ = {isa = PBXBuildFile; fileRef = 3ADE0D9922BAA97E0011DEEB /* BeerResponse.swift */; };
		3ADE0D9C22BAABBF0011DEEB /* VolumeResponse.swift in Sources */ = {isa = PBXBuildFile; fileRef = 3ADE0D9B22BAABBF0011DEEB /* VolumeResponse.swift */; };
		3ADE0DA022BB4A5B0011DEEB /* RxSwift.framework in Frameworks */ = {isa = PBXBuildFile; fileRef = 3A0A408722BAA1E5002199DF /* RxSwift.framework */; };
		3ADE0DA122BB4A5B0011DEEB /* RxSwift.framework in Embed Frameworks */ = {isa = PBXBuildFile; fileRef = 3A0A408722BAA1E5002199DF /* RxSwift.framework */; settings = {ATTRIBUTES = (CodeSignOnCopy, RemoveHeadersOnCopy, ); }; };
		3ADE0DA222BB4A6F0011DEEB /* Alamofire.framework in Frameworks */ = {isa = PBXBuildFile; fileRef = 3ADE0D9D22BB451D0011DEEB /* Alamofire.framework */; };
		3ADE0DA322BB4A6F0011DEEB /* Alamofire.framework in Embed Frameworks */ = {isa = PBXBuildFile; fileRef = 3ADE0D9D22BB451D0011DEEB /* Alamofire.framework */; settings = {ATTRIBUTES = (CodeSignOnCopy, RemoveHeadersOnCopy, ); }; };
/* End PBXBuildFile section */

/* Begin PBXContainerItemProxy section */
		3A0A407022B91C3E002199DF /* PBXContainerItemProxy */ = {
			isa = PBXContainerItemProxy;
			containerPortal = 3A0A405122B91C39002199DF /* Project object */;
			proxyType = 1;
			remoteGlobalIDString = 3A0A405822B91C39002199DF;
			remoteInfo = "i-Punks";
		};
/* End PBXContainerItemProxy section */

/* Begin PBXCopyFilesBuildPhase section */
		3A0A408A22BAA1E5002199DF /* Embed Frameworks */ = {
			isa = PBXCopyFilesBuildPhase;
			buildActionMask = 2147483647;
			dstPath = "";
			dstSubfolderSpec = 10;
			files = (
				3A2993FD22BE923B009016C9 /* SwinjectStoryboard.framework in Embed Frameworks */,
				3A2993FA22BE9222009016C9 /* Swinject.framework in Embed Frameworks */,
				3AAC576322BF311E0082C533 /* RxRelay.framework in Embed Frameworks */,
				3ADE0DA122BB4A5B0011DEEB /* RxSwift.framework in Embed Frameworks */,
				3AAC576022BF30280082C533 /* RxCocoa.framework in Embed Frameworks */,
				3ADE0DA322BB4A6F0011DEEB /* Alamofire.framework in Embed Frameworks */,
			);
			name = "Embed Frameworks";
			runOnlyForDeploymentPostprocessing = 0;
		};
/* End PBXCopyFilesBuildPhase section */

/* Begin PBXFileReference section */
		3A0A405922B91C39002199DF /* i-Punks.app */ = {isa = PBXFileReference; explicitFileType = wrapper.application; includeInIndex = 0; path = "i-Punks.app"; sourceTree = BUILT_PRODUCTS_DIR; };
		3A0A405C22B91C39002199DF /* AppDelegate.swift */ = {isa = PBXFileReference; lastKnownFileType = sourcecode.swift; path = AppDelegate.swift; sourceTree = "<group>"; };
		3A0A405E22B91C39002199DF /* SceneDelegate.swift */ = {isa = PBXFileReference; lastKnownFileType = sourcecode.swift; path = SceneDelegate.swift; sourceTree = "<group>"; };
		3A0A406022B91C39002199DF /* BeerListViewController.swift */ = {isa = PBXFileReference; lastKnownFileType = sourcecode.swift; path = BeerListViewController.swift; sourceTree = "<group>"; };
		3A0A406322B91C39002199DF /* Base */ = {isa = PBXFileReference; lastKnownFileType = file.storyboard; name = Base; path = Base.lproj/BeerList.storyboard; sourceTree = "<group>"; };
		3A0A406522B91C3D002199DF /* Assets.xcassets */ = {isa = PBXFileReference; lastKnownFileType = folder.assetcatalog; path = Assets.xcassets; sourceTree = "<group>"; };
		3A0A406822B91C3D002199DF /* Base */ = {isa = PBXFileReference; lastKnownFileType = file.storyboard; name = Base; path = Base.lproj/LaunchScreen.storyboard; sourceTree = "<group>"; };
		3A0A406A22B91C3D002199DF /* Info.plist */ = {isa = PBXFileReference; lastKnownFileType = text.plist.xml; path = Info.plist; sourceTree = "<group>"; };
		3A0A406F22B91C3E002199DF /* i-PunksTests.xctest */ = {isa = PBXFileReference; explicitFileType = wrapper.cfbundle; includeInIndex = 0; path = "i-PunksTests.xctest"; sourceTree = BUILT_PRODUCTS_DIR; };
		3A0A407322B91C3E002199DF /* i_PunksTests.swift */ = {isa = PBXFileReference; lastKnownFileType = sourcecode.swift; path = i_PunksTests.swift; sourceTree = "<group>"; };
		3A0A407522B91C3E002199DF /* Info.plist */ = {isa = PBXFileReference; lastKnownFileType = text.plist.xml; path = Info.plist; sourceTree = "<group>"; };
		3A0A408222B952CF002199DF /* BeerListViewModel.swift */ = {isa = PBXFileReference; lastKnownFileType = sourcecode.swift; path = BeerListViewModel.swift; sourceTree = "<group>"; };
		3A0A408722BAA1E5002199DF /* RxSwift.framework */ = {isa = PBXFileReference; lastKnownFileType = wrapper.framework; name = RxSwift.framework; path = Carthage/Build/iOS/RxSwift.framework; sourceTree = "<group>"; };
		3A2993F822BE9222009016C9 /* Swinject.framework */ = {isa = PBXFileReference; lastKnownFileType = wrapper.framework; name = Swinject.framework; path = Carthage/Build/iOS/Swinject.framework; sourceTree = "<group>"; };
		3A2993FB22BE923B009016C9 /* SwinjectStoryboard.framework */ = {isa = PBXFileReference; lastKnownFileType = wrapper.framework; name = SwinjectStoryboard.framework; path = Carthage/Build/iOS/SwinjectStoryboard.framework; sourceTree = "<group>"; };
		3A2993FF22BE9A70009016C9 /* SwinjectStoryboard+Setup.swift */ = {isa = PBXFileReference; lastKnownFileType = sourcecode.swift; path = "SwinjectStoryboard+Setup.swift"; sourceTree = "<group>"; };
		3AAC575E22BF30280082C533 /* RxCocoa.framework */ = {isa = PBXFileReference; lastKnownFileType = wrapper.framework; name = RxCocoa.framework; path = Carthage/Build/iOS/RxCocoa.framework; sourceTree = "<group>"; };
		3AAC576122BF311D0082C533 /* RxRelay.framework */ = {isa = PBXFileReference; lastKnownFileType = wrapper.framework; name = RxRelay.framework; path = Carthage/Build/iOS/RxRelay.framework; sourceTree = "<group>"; };
		3AAD0C5E22C242C0001F3152 /* BeerListDataSource.swift */ = {isa = PBXFileReference; lastKnownFileType = sourcecode.swift; path = BeerListDataSource.swift; sourceTree = "<group>"; };
		3ADE0D8D22BAA6080011DEEB /* BeerUseCase.swift */ = {isa = PBXFileReference; lastKnownFileType = sourcecode.swift; path = BeerUseCase.swift; sourceTree = "<group>"; };
		3ADE0D8F22BAA6450011DEEB /* BeerRepository.swift */ = {isa = PBXFileReference; lastKnownFileType = sourcecode.swift; path = BeerRepository.swift; sourceTree = "<group>"; };
		3ADE0D9122BAA6800011DEEB /* BeerDataSource.swift */ = {isa = PBXFileReference; lastKnownFileType = sourcecode.swift; path = BeerDataSource.swift; sourceTree = "<group>"; };
		3ADE0D9322BAA8F50011DEEB /* BeerApi.swift */ = {isa = PBXFileReference; lastKnownFileType = sourcecode.swift; path = BeerApi.swift; sourceTree = "<group>"; };
		3ADE0D9622BAA9610011DEEB /* Beer.swift */ = {isa = PBXFileReference; lastKnownFileType = sourcecode.swift; path = Beer.swift; sourceTree = "<group>"; };
		3ADE0D9922BAA97E0011DEEB /* BeerResponse.swift */ = {isa = PBXFileReference; lastKnownFileType = sourcecode.swift; path = BeerResponse.swift; sourceTree = "<group>"; };
		3ADE0D9B22BAABBF0011DEEB /* VolumeResponse.swift */ = {isa = PBXFileReference; lastKnownFileType = sourcecode.swift; path = VolumeResponse.swift; sourceTree = "<group>"; };
		3ADE0D9D22BB451D0011DEEB /* Alamofire.framework */ = {isa = PBXFileReference; lastKnownFileType = wrapper.framework; name = Alamofire.framework; path = Carthage/Build/iOS/Alamofire.framework; sourceTree = "<group>"; };
/* End PBXFileReference section */

/* Begin PBXFrameworksBuildPhase section */
		3A0A405622B91C39002199DF /* Frameworks */ = {
			isa = PBXFrameworksBuildPhase;
			buildActionMask = 2147483647;
			files = (
				3A2993FC22BE923B009016C9 /* SwinjectStoryboard.framework in Frameworks */,
				3A2993F922BE9222009016C9 /* Swinject.framework in Frameworks */,
				3AAC576222BF311E0082C533 /* RxRelay.framework in Frameworks */,
				3ADE0DA022BB4A5B0011DEEB /* RxSwift.framework in Frameworks */,
				3AAC575F22BF30280082C533 /* RxCocoa.framework in Frameworks */,
				3ADE0DA222BB4A6F0011DEEB /* Alamofire.framework in Frameworks */,
			);
			runOnlyForDeploymentPostprocessing = 0;
		};
		3A0A406C22B91C3E002199DF /* Frameworks */ = {
			isa = PBXFrameworksBuildPhase;
			buildActionMask = 2147483647;
			files = (
			);
			runOnlyForDeploymentPostprocessing = 0;
		};
/* End PBXFrameworksBuildPhase section */

/* Begin PBXGroup section */
		3A0A405022B91C39002199DF = {
			isa = PBXGroup;
			children = (
				3A0A405B22B91C39002199DF /* i-Punks */,
				3A0A407222B91C3E002199DF /* i-PunksTests */,
				3A0A405A22B91C39002199DF /* Products */,
				3A0A408622BAA1E5002199DF /* Frameworks */,
			);
			sourceTree = "<group>";
		};
		3A0A405A22B91C39002199DF /* Products */ = {
			isa = PBXGroup;
			children = (
				3A0A405922B91C39002199DF /* i-Punks.app */,
				3A0A406F22B91C3E002199DF /* i-PunksTests.xctest */,
			);
			name = Products;
			sourceTree = "<group>";
		};
		3A0A405B22B91C39002199DF /* i-Punks */ = {
			isa = PBXGroup;
			children = (
				3A2993FE22BE9962009016C9 /* DI */,
				3ADE0D8B22BAA58D0011DEEB /* Infra */,
				3ADE0D8A22BAA5730011DEEB /* UseCase */,
				3ADE0D8922BAA5070011DEEB /* Domain */,
				3A0A407F22B94F74002199DF /* UI */,
				3A0A405C22B91C39002199DF /* AppDelegate.swift */,
				3A0A405E22B91C39002199DF /* SceneDelegate.swift */,
				3A0A406222B91C39002199DF /* BeerList.storyboard */,
				3A0A406522B91C3D002199DF /* Assets.xcassets */,
				3A0A406722B91C3D002199DF /* LaunchScreen.storyboard */,
				3A0A406A22B91C3D002199DF /* Info.plist */,
			);
			path = "i-Punks";
			sourceTree = "<group>";
		};
		3A0A407222B91C3E002199DF /* i-PunksTests */ = {
			isa = PBXGroup;
			children = (
				3A0A407322B91C3E002199DF /* i_PunksTests.swift */,
				3A0A407522B91C3E002199DF /* Info.plist */,
			);
			path = "i-PunksTests";
			sourceTree = "<group>";
		};
		3A0A407F22B94F74002199DF /* UI */ = {
			isa = PBXGroup;
			children = (
				3A0A408522B95464002199DF /* Detail */,
				3A0A408422B95395002199DF /* List */,
			);
			path = UI;
			sourceTree = "<group>";
		};
		3A0A408422B95395002199DF /* List */ = {
			isa = PBXGroup;
			children = (
				3A0A406022B91C39002199DF /* BeerListViewController.swift */,
				3AAD0C5E22C242C0001F3152 /* BeerListDataSource.swift */,
				3A0A408222B952CF002199DF /* BeerListViewModel.swift */,
			);
			path = List;
			sourceTree = "<group>";
		};
		3A0A408522B95464002199DF /* Detail */ = {
			isa = PBXGroup;
			children = (
			);
			path = Detail;
			sourceTree = "<group>";
		};
		3A0A408622BAA1E5002199DF /* Frameworks */ = {
			isa = PBXGroup;
			children = (
				3AAC576122BF311D0082C533 /* RxRelay.framework */,
				3AAC575E22BF30280082C533 /* RxCocoa.framework */,
				3A2993FB22BE923B009016C9 /* SwinjectStoryboard.framework */,
				3A2993F822BE9222009016C9 /* Swinject.framework */,
				3ADE0D9D22BB451D0011DEEB /* Alamofire.framework */,
				3A0A408722BAA1E5002199DF /* RxSwift.framework */,
			);
			name = Frameworks;
			sourceTree = "<group>";
		};
		3A2993FE22BE9962009016C9 /* DI */ = {
			isa = PBXGroup;
			children = (
				3A2993FF22BE9A70009016C9 /* SwinjectStoryboard+Setup.swift */,
			);
			path = DI;
			sourceTree = "<group>";
		};
		3ADE0D8922BAA5070011DEEB /* Domain */ = {
			isa = PBXGroup;
			children = (
				3ADE0D9522BAA92E0011DEEB /* model */,
				3ADE0D8F22BAA6450011DEEB /* BeerRepository.swift */,
				3ADE0D9122BAA6800011DEEB /* BeerDataSource.swift */,
			);
			path = Domain;
			sourceTree = "<group>";
		};
		3ADE0D8A22BAA5730011DEEB /* UseCase */ = {
			isa = PBXGroup;
			children = (
				3ADE0D8D22BAA6080011DEEB /* BeerUseCase.swift */,
			);
			path = UseCase;
			sourceTree = "<group>";
		};
		3ADE0D8B22BAA58D0011DEEB /* Infra */ = {
			isa = PBXGroup;
			children = (
				3ADE0D9822BAA96B0011DEEB /* model */,
				3ADE0D9322BAA8F50011DEEB /* BeerApi.swift */,
			);
			path = Infra;
			sourceTree = "<group>";
		};
		3ADE0D9522BAA92E0011DEEB /* model */ = {
			isa = PBXGroup;
			children = (
				3ADE0D9622BAA9610011DEEB /* Beer.swift */,
			);
			path = model;
			sourceTree = "<group>";
		};
		3ADE0D9822BAA96B0011DEEB /* model */ = {
			isa = PBXGroup;
			children = (
				3ADE0D9922BAA97E0011DEEB /* BeerResponse.swift */,
				3ADE0D9B22BAABBF0011DEEB /* VolumeResponse.swift */,
			);
			path = model;
			sourceTree = "<group>";
		};
/* End PBXGroup section */

/* Begin PBXNativeTarget section */
		3A0A405822B91C39002199DF /* i-Punks */ = {
			isa = PBXNativeTarget;
			buildConfigurationList = 3A0A407822B91C3E002199DF /* Build configuration list for PBXNativeTarget "i-Punks" */;
			buildPhases = (
				3A0A405522B91C39002199DF /* Sources */,
				3A0A405622B91C39002199DF /* Frameworks */,
				3A0A405722B91C39002199DF /* Resources */,
				3A0A408A22BAA1E5002199DF /* Embed Frameworks */,
				3A0A408B22BAA1FB002199DF /* ShellScript */,
			);
			buildRules = (
			);
			dependencies = (
			);
			name = "i-Punks";
			productName = "i-Punks";
			productReference = 3A0A405922B91C39002199DF /* i-Punks.app */;
			productType = "com.apple.product-type.application";
		};
		3A0A406E22B91C3E002199DF /* i-PunksTests */ = {
			isa = PBXNativeTarget;
			buildConfigurationList = 3A0A407B22B91C3E002199DF /* Build configuration list for PBXNativeTarget "i-PunksTests" */;
			buildPhases = (
				3A0A406B22B91C3E002199DF /* Sources */,
				3A0A406C22B91C3E002199DF /* Frameworks */,
				3A0A406D22B91C3E002199DF /* Resources */,
			);
			buildRules = (
			);
			dependencies = (
				3A0A407122B91C3E002199DF /* PBXTargetDependency */,
			);
			name = "i-PunksTests";
			productName = "i-PunksTests";
			productReference = 3A0A406F22B91C3E002199DF /* i-PunksTests.xctest */;
			productType = "com.apple.product-type.bundle.unit-test";
		};
/* End PBXNativeTarget section */

/* Begin PBXProject section */
		3A0A405122B91C39002199DF /* Project object */ = {
			isa = PBXProject;
			attributes = {
				LastSwiftUpdateCheck = 1100;
				LastUpgradeCheck = 1100;
				ORGANIZATIONNAME = "Naoki Ishii";
				TargetAttributes = {
					3A0A405822B91C39002199DF = {
						CreatedOnToolsVersion = 11.0;
					};
					3A0A406E22B91C3E002199DF = {
						CreatedOnToolsVersion = 11.0;
						TestTargetID = 3A0A405822B91C39002199DF;
					};
				};
			};
			buildConfigurationList = 3A0A405422B91C39002199DF /* Build configuration list for PBXProject "i-Punks" */;
			compatibilityVersion = "Xcode 9.3";
			developmentRegion = en;
			hasScannedForEncodings = 0;
			knownRegions = (
				en,
				Base,
			);
			mainGroup = 3A0A405022B91C39002199DF;
			productRefGroup = 3A0A405A22B91C39002199DF /* Products */;
			projectDirPath = "";
			projectRoot = "";
			targets = (
				3A0A405822B91C39002199DF /* i-Punks */,
				3A0A406E22B91C3E002199DF /* i-PunksTests */,
			);
		};
/* End PBXProject section */

/* Begin PBXResourcesBuildPhase section */
		3A0A405722B91C39002199DF /* Resources */ = {
			isa = PBXResourcesBuildPhase;
			buildActionMask = 2147483647;
			files = (
				3A0A406922B91C3D002199DF /* LaunchScreen.storyboard in Resources */,
				3A0A406622B91C3D002199DF /* Assets.xcassets in Resources */,
				3A0A406422B91C39002199DF /* BeerList.storyboard in Resources */,
			);
			runOnlyForDeploymentPostprocessing = 0;
		};
		3A0A406D22B91C3E002199DF /* Resources */ = {
			isa = PBXResourcesBuildPhase;
			buildActionMask = 2147483647;
			files = (
			);
			runOnlyForDeploymentPostprocessing = 0;
		};
/* End PBXResourcesBuildPhase section */

/* Begin PBXShellScriptBuildPhase section */
		3A0A408B22BAA1FB002199DF /* ShellScript */ = {
			isa = PBXShellScriptBuildPhase;
			buildActionMask = 2147483647;
			files = (
			);
			inputFileListPaths = (
			);
			inputPaths = (
				"$(SRCROOT)/Carthage/Build/iOS/RxSwift.framework",
				"$(SRCROOT)/Carthage/Build/iOS/Alamofire.framework",
				"$(SRCROOT)/Carthage/Build/iOS/Swinject.framework",
				"$(SRCROOT)/Carthage/Build/iOS/SwinjectStoryboard.framework",
				"$(SRCROOT)/Carthage/Build/iOS/RxCocoa.framework",
				"$(SRCROOT)/Carthage/Build/iOS/RxRelay.framework",
			);
			outputFileListPaths = (
			);
			outputPaths = (
			);
			runOnlyForDeploymentPostprocessing = 0;
			shellPath = /bin/sh;
			shellScript = "# Type a script or drag a script file from your workspace to insert its path.\n/usr/local/bin/carthage copy-frameworks\n";
		};
/* End PBXShellScriptBuildPhase section */

/* Begin PBXSourcesBuildPhase section */
		3A0A405522B91C39002199DF /* Sources */ = {
			isa = PBXSourcesBuildPhase;
			buildActionMask = 2147483647;
			files = (
				3AAD0C5F22C242C0001F3152 /* BeerListDataSource.swift in Sources */,
				3ADE0D9422BAA8F50011DEEB /* BeerApi.swift in Sources */,
				3A29940022BE9A70009016C9 /* SwinjectStoryboard+Setup.swift in Sources */,
				3ADE0D9722BAA9610011DEEB /* Beer.swift in Sources */,
				3A0A406122B91C39002199DF /* BeerListViewController.swift in Sources */,
				3ADE0D8E22BAA6080011DEEB /* BeerUseCase.swift in Sources */,
				3ADE0D9A22BAA97E0011DEEB /* BeerResponse.swift in Sources */,
				3A0A405D22B91C39002199DF /* AppDelegate.swift in Sources */,
				3ADE0D9C22BAABBF0011DEEB /* VolumeResponse.swift in Sources */,
				3ADE0D9222BAA6800011DEEB /* BeerDataSource.swift in Sources */,
				3ADE0D9022BAA6450011DEEB /* BeerRepository.swift in Sources */,
				3A0A405F22B91C39002199DF /* SceneDelegate.swift in Sources */,
				3A0A408322B952CF002199DF /* BeerListViewModel.swift in Sources */,
			);
			runOnlyForDeploymentPostprocessing = 0;
		};
		3A0A406B22B91C3E002199DF /* Sources */ = {
			isa = PBXSourcesBuildPhase;
			buildActionMask = 2147483647;
			files = (
				3A0A407422B91C3E002199DF /* i_PunksTests.swift in Sources */,
			);
			runOnlyForDeploymentPostprocessing = 0;
		};
/* End PBXSourcesBuildPhase section */

/* Begin PBXTargetDependency section */
		3A0A407122B91C3E002199DF /* PBXTargetDependency */ = {
			isa = PBXTargetDependency;
			target = 3A0A405822B91C39002199DF /* i-Punks */;
			targetProxy = 3A0A407022B91C3E002199DF /* PBXContainerItemProxy */;
		};
/* End PBXTargetDependency section */

/* Begin PBXVariantGroup section */
		3A0A406222B91C39002199DF /* BeerList.storyboard */ = {
			isa = PBXVariantGroup;
			children = (
				3A0A406322B91C39002199DF /* Base */,
			);
			name = BeerList.storyboard;
			sourceTree = "<group>";
		};
		3A0A406722B91C3D002199DF /* LaunchScreen.storyboard */ = {
			isa = PBXVariantGroup;
			children = (
				3A0A406822B91C3D002199DF /* Base */,
			);
			name = LaunchScreen.storyboard;
			sourceTree = "<group>";
		};
/* End PBXVariantGroup section */

/* Begin XCBuildConfiguration section */
		3A0A407622B91C3E002199DF /* Debug */ = {
			isa = XCBuildConfiguration;
			buildSettings = {
				ALWAYS_SEARCH_USER_PATHS = NO;
				CLANG_ANALYZER_NONNULL = YES;
				CLANG_ANALYZER_NUMBER_OBJECT_CONVERSION = YES_AGGRESSIVE;
				CLANG_CXX_LANGUAGE_STANDARD = "gnu++14";
				CLANG_CXX_LIBRARY = "libc++";
				CLANG_ENABLE_MODULES = YES;
				CLANG_ENABLE_OBJC_ARC = YES;
				CLANG_ENABLE_OBJC_WEAK = YES;
				CLANG_WARN_BLOCK_CAPTURE_AUTORELEASING = YES;
				CLANG_WARN_BOOL_CONVERSION = YES;
				CLANG_WARN_COMMA = YES;
				CLANG_WARN_CONSTANT_CONVERSION = YES;
				CLANG_WARN_DEPRECATED_OBJC_IMPLEMENTATIONS = YES;
				CLANG_WARN_DIRECT_OBJC_ISA_USAGE = YES_ERROR;
				CLANG_WARN_DOCUMENTATION_COMMENTS = YES;
				CLANG_WARN_EMPTY_BODY = YES;
				CLANG_WARN_ENUM_CONVERSION = YES;
				CLANG_WARN_INFINITE_RECURSION = YES;
				CLANG_WARN_INT_CONVERSION = YES;
				CLANG_WARN_NON_LITERAL_NULL_CONVERSION = YES;
				CLANG_WARN_OBJC_IMPLICIT_RETAIN_SELF = YES;
				CLANG_WARN_OBJC_LITERAL_CONVERSION = YES;
				CLANG_WARN_OBJC_ROOT_CLASS = YES_ERROR;
				CLANG_WARN_RANGE_LOOP_ANALYSIS = YES;
				CLANG_WARN_STRICT_PROTOTYPES = YES;
				CLANG_WARN_SUSPICIOUS_MOVE = YES;
				CLANG_WARN_UNGUARDED_AVAILABILITY = YES_AGGRESSIVE;
				CLANG_WARN_UNREACHABLE_CODE = YES;
				CLANG_WARN__DUPLICATE_METHOD_MATCH = YES;
				COPY_PHASE_STRIP = NO;
				DEBUG_INFORMATION_FORMAT = dwarf;
				ENABLE_STRICT_OBJC_MSGSEND = YES;
				ENABLE_TESTABILITY = YES;
				GCC_C_LANGUAGE_STANDARD = gnu11;
				GCC_DYNAMIC_NO_PIC = NO;
				GCC_NO_COMMON_BLOCKS = YES;
				GCC_OPTIMIZATION_LEVEL = 0;
				GCC_PREPROCESSOR_DEFINITIONS = (
					"DEBUG=1",
					"$(inherited)",
				);
				GCC_WARN_64_TO_32_BIT_CONVERSION = YES;
				GCC_WARN_ABOUT_RETURN_TYPE = YES_ERROR;
				GCC_WARN_UNDECLARED_SELECTOR = YES;
				GCC_WARN_UNINITIALIZED_AUTOS = YES_AGGRESSIVE;
				GCC_WARN_UNUSED_FUNCTION = YES;
				GCC_WARN_UNUSED_VARIABLE = YES;
				IPHONEOS_DEPLOYMENT_TARGET = 13.0;
				MTL_ENABLE_DEBUG_INFO = INCLUDE_SOURCE;
				MTL_FAST_MATH = YES;
				ONLY_ACTIVE_ARCH = YES;
				SDKROOT = iphoneos;
				SWIFT_ACTIVE_COMPILATION_CONDITIONS = DEBUG;
				SWIFT_OPTIMIZATION_LEVEL = "-Onone";
				SWIFT_VERSION = 5.0;
			};
			name = Debug;
		};
		3A0A407722B91C3E002199DF /* Release */ = {
			isa = XCBuildConfiguration;
			buildSettings = {
				ALWAYS_SEARCH_USER_PATHS = NO;
				CLANG_ANALYZER_NONNULL = YES;
				CLANG_ANALYZER_NUMBER_OBJECT_CONVERSION = YES_AGGRESSIVE;
				CLANG_CXX_LANGUAGE_STANDARD = "gnu++14";
				CLANG_CXX_LIBRARY = "libc++";
				CLANG_ENABLE_MODULES = YES;
				CLANG_ENABLE_OBJC_ARC = YES;
				CLANG_ENABLE_OBJC_WEAK = YES;
				CLANG_WARN_BLOCK_CAPTURE_AUTORELEASING = YES;
				CLANG_WARN_BOOL_CONVERSION = YES;
				CLANG_WARN_COMMA = YES;
				CLANG_WARN_CONSTANT_CONVERSION = YES;
				CLANG_WARN_DEPRECATED_OBJC_IMPLEMENTATIONS = YES;
				CLANG_WARN_DIRECT_OBJC_ISA_USAGE = YES_ERROR;
				CLANG_WARN_DOCUMENTATION_COMMENTS = YES;
				CLANG_WARN_EMPTY_BODY = YES;
				CLANG_WARN_ENUM_CONVERSION = YES;
				CLANG_WARN_INFINITE_RECURSION = YES;
				CLANG_WARN_INT_CONVERSION = YES;
				CLANG_WARN_NON_LITERAL_NULL_CONVERSION = YES;
				CLANG_WARN_OBJC_IMPLICIT_RETAIN_SELF = YES;
				CLANG_WARN_OBJC_LITERAL_CONVERSION = YES;
				CLANG_WARN_OBJC_ROOT_CLASS = YES_ERROR;
				CLANG_WARN_RANGE_LOOP_ANALYSIS = YES;
				CLANG_WARN_STRICT_PROTOTYPES = YES;
				CLANG_WARN_SUSPICIOUS_MOVE = YES;
				CLANG_WARN_UNGUARDED_AVAILABILITY = YES_AGGRESSIVE;
				CLANG_WARN_UNREACHABLE_CODE = YES;
				CLANG_WARN__DUPLICATE_METHOD_MATCH = YES;
				COPY_PHASE_STRIP = NO;
				DEBUG_INFORMATION_FORMAT = "dwarf-with-dsym";
				ENABLE_NS_ASSERTIONS = NO;
				ENABLE_STRICT_OBJC_MSGSEND = YES;
				GCC_C_LANGUAGE_STANDARD = gnu11;
				GCC_NO_COMMON_BLOCKS = YES;
				GCC_WARN_64_TO_32_BIT_CONVERSION = YES;
				GCC_WARN_ABOUT_RETURN_TYPE = YES_ERROR;
				GCC_WARN_UNDECLARED_SELECTOR = YES;
				GCC_WARN_UNINITIALIZED_AUTOS = YES_AGGRESSIVE;
				GCC_WARN_UNUSED_FUNCTION = YES;
				GCC_WARN_UNUSED_VARIABLE = YES;
				IPHONEOS_DEPLOYMENT_TARGET = 13.0;
				MTL_ENABLE_DEBUG_INFO = NO;
				MTL_FAST_MATH = YES;
				SDKROOT = iphoneos;
				SWIFT_COMPILATION_MODE = wholemodule;
				SWIFT_OPTIMIZATION_LEVEL = "-O";
				SWIFT_VERSION = 5.0;
				VALIDATE_PRODUCT = YES;
			};
			name = Release;
		};
		3A0A407922B91C3E002199DF /* Debug */ = {
			isa = XCBuildConfiguration;
			buildSettings = {
				ASSETCATALOG_COMPILER_APPICON_NAME = AppIcon;
				CODE_SIGN_STYLE = Automatic;
				FRAMEWORK_SEARCH_PATHS = (
					"$(inherited)",
					"$(PROJECT_DIR)/Carthage/Build/iOS",
				);
				INFOPLIST_FILE = "i-Punks/Info.plist";
				LD_RUNPATH_SEARCH_PATHS = (
					"$(inherited)",
					"@executable_path/Frameworks",
				);
				PRODUCT_BUNDLE_IDENTIFIER = "iiinaiii.i-Punks";
				PRODUCT_NAME = "$(TARGET_NAME)";
				SWIFT_VERSION = 5.0;
				TARGETED_DEVICE_FAMILY = "1,2";
			};
			name = Debug;
		};
		3A0A407A22B91C3E002199DF /* Release */ = {
			isa = XCBuildConfiguration;
			buildSettings = {
				ASSETCATALOG_COMPILER_APPICON_NAME = AppIcon;
				CODE_SIGN_STYLE = Automatic;
				FRAMEWORK_SEARCH_PATHS = (
					"$(inherited)",
					"$(PROJECT_DIR)/Carthage/Build/iOS",
				);
				INFOPLIST_FILE = "i-Punks/Info.plist";
				LD_RUNPATH_SEARCH_PATHS = (
					"$(inherited)",
					"@executable_path/Frameworks",
				);
				PRODUCT_BUNDLE_IDENTIFIER = "iiinaiii.i-Punks";
				PRODUCT_NAME = "$(TARGET_NAME)";
				SWIFT_VERSION = 5.0;
				TARGETED_DEVICE_FAMILY = "1,2";
			};
			name = Release;
		};
		3A0A407C22B91C3E002199DF /* Debug */ = {
			isa = XCBuildConfiguration;
			buildSettings = {
				ALWAYS_EMBED_SWIFT_STANDARD_LIBRARIES = YES;
				BUNDLE_LOADER = "$(TEST_HOST)";
				CODE_SIGN_STYLE = Automatic;
				INFOPLIST_FILE = "i-PunksTests/Info.plist";
				LD_RUNPATH_SEARCH_PATHS = (
					"$(inherited)",
					"@executable_path/Frameworks",
					"@loader_path/Frameworks",
				);
				PRODUCT_BUNDLE_IDENTIFIER = "iiinaiii.i-PunksTests";
				PRODUCT_NAME = "$(TARGET_NAME)";
				SWIFT_VERSION = 5.0;
				TARGETED_DEVICE_FAMILY = "1,2";
				TEST_HOST = "$(BUILT_PRODUCTS_DIR)/i-Punks.app/i-Punks";
			};
			name = Debug;
		};
		3A0A407D22B91C3E002199DF /* Release */ = {
			isa = XCBuildConfiguration;
			buildSettings = {
				ALWAYS_EMBED_SWIFT_STANDARD_LIBRARIES = YES;
				BUNDLE_LOADER = "$(TEST_HOST)";
				CODE_SIGN_STYLE = Automatic;
				INFOPLIST_FILE = "i-PunksTests/Info.plist";
				LD_RUNPATH_SEARCH_PATHS = (
					"$(inherited)",
					"@executable_path/Frameworks",
					"@loader_path/Frameworks",
				);
				PRODUCT_BUNDLE_IDENTIFIER = "iiinaiii.i-PunksTests";
				PRODUCT_NAME = "$(TARGET_NAME)";
				SWIFT_VERSION = 5.0;
				TARGETED_DEVICE_FAMILY = "1,2";
				TEST_HOST = "$(BUILT_PRODUCTS_DIR)/i-Punks.app/i-Punks";
			};
			name = Release;
		};
/* End XCBuildConfiguration section */

/* Begin XCConfigurationList section */
		3A0A405422B91C39002199DF /* Build configuration list for PBXProject "i-Punks" */ = {
			isa = XCConfigurationList;
			buildConfigurations = (
				3A0A407622B91C3E002199DF /* Debug */,
				3A0A407722B91C3E002199DF /* Release */,
			);
			defaultConfigurationIsVisible = 0;
			defaultConfigurationName = Release;
		};
		3A0A407822B91C3E002199DF /* Build configuration list for PBXNativeTarget "i-Punks" */ = {
			isa = XCConfigurationList;
			buildConfigurations = (
				3A0A407922B91C3E002199DF /* Debug */,
				3A0A407A22B91C3E002199DF /* Release */,
			);
			defaultConfigurationIsVisible = 0;
			defaultConfigurationName = Release;
		};
		3A0A407B22B91C3E002199DF /* Build configuration list for PBXNativeTarget "i-PunksTests" */ = {
			isa = XCConfigurationList;
			buildConfigurations = (
				3A0A407C22B91C3E002199DF /* Debug */,
				3A0A407D22B91C3E002199DF /* Release */,
			);
			defaultConfigurationIsVisible = 0;
			defaultConfigurationName = Release;
		};
/* End XCConfigurationList section */
	};
	rootObject = 3A0A405122B91C39002199DF /* Project object */;
}
